
Microsoft Visual Studio Solution File, Format Version 12.00
# Visual Studio 15
Project("{FAE04EC0-301F-11D3-BF4B-00C04F79EFBC}") = "NeuralNetwork", "NeuralNetwor\NeuralNetwork.csproj", "{CED69195-F45C-4113-81FE-1AD77F22DE22}"
EndProject
Global
	GlobalSection(SolutionConfigurationPlatforms) = preSolution
		Debug|Any CPU = Debug|Any CPU
		Release|Any CPU = Release|Any CPU
	EndGlobalSection
	GlobalSection(ProjectConfigurationPlatforms) = postSolution
		{CED69195-F45C-4113-81FE-1AD77F22DE22}.Debug|Any CPU.ActiveCfg = Debug|Any CPU
		{CED69195-F45C-4113-81FE-1AD77F22DE22}.Debug|Any CPU.Build.0 = Debug|Any CPU
		{CED69195-F45C-4113-81FE-1AD77F22DE22}.Release|Any CPU.ActiveCfg = Release|Any CPU
		{CED69195-F45C-4113-81FE-1AD77F22DE22}.Release|Any CPU.Build.0 = Release|Any CPU
	EndGlobalSection
EndGlobal
